
Microsoft Visual Studio Solution File, Format Version 11.00
# Visual Basic Express 2010
Project("{F184B08F-C81C-45F6-A57F-5ABD9991F28F}") = "TM1 MDX Runner", "TM1 MDX Runner\TM1 MDX Runner.vbproj", "{1A42517D-1847-4CD8-B6D6-BD4D2396FEFB}"
EndProject
Global
	GlobalSection(SolutionConfigurationPlatforms) = preSolution
		Debug|x86 = Debug|x86
		Release|x86 = Release|x86
	EndGlobalSection
	GlobalSection(ProjectConfigurationPlatforms) = postSolution
		{1A42517D-1847-4CD8-B6D6-BD4D2396FEFB}.Debug|x86.ActiveCfg = Debug|x86
		{1A42517D-1847-4CD8-B6D6-BD4D2396FEFB}.Debug|x86.Build.0 = Debug|x86
		{1A42517D-1847-4CD8-B6D6-BD4D2396FEFB}.Release|x86.ActiveCfg = Release|x86
		{1A42517D-1847-4CD8-B6D6-BD4D2396FEFB}.Release|x86.Build.0 = Release|x86
	EndGlobalSection
	GlobalSection(SolutionProperties) = preSolution
		HideSolutionNode = FALSE
	EndGlobalSection
EndGlobal
